{
  "name": "lbf-prelude-typescript",
  "version": "1.0.0",
  "lockfileVersion": 2,
  "requires": true,
  "packages": {
    "": {
      "name": "lbf-prelude-typescript",
      "version": "1.0.0",
      "license": "ISC",
      "dependencies": {
        "lbf-prelude": "file:extra-dependencies/lbf-prelude-1.0.0.tgz",
        "lbf-prelude-golden-api": "file:extra-dependencies/lbf-prelude-golden-api-1.0.0.tgz",
        "lbr-prelude": "file:extra-dependencies/lbr-prelude-1.0.0.tgz",
        "prelude": "file:extra-dependencies/prelude-1.0.1.tgz"
      },
      "devDependencies": {
        "@types/node": "^20.11.7",
        "typescript": "^5.3.3"
      }
    },
    "node_modules/@types/node": {
      "version": "20.11.7",
      "resolved": "https://registry.npmjs.org/@types/node/-/node-20.11.7.tgz",
      "integrity": "sha512-GPmeN1C3XAyV5uybAf4cMLWT9fDWcmQhZVtMFu7OR32WjrqGG+Wnk2V1d0bmtUyE/Zy1QJ9BxyiTih9z8Oks8A==",
      "dev": true,
      "dependencies": {
        "undici-types": "~5.26.4"
      }
    },
    "node_modules/lbf-prelude": {
      "version": "1.0.0",
      "resolved": "file:extra-dependencies/lbf-prelude-1.0.0.tgz",
      "integrity": "sha512-XLxQoeX/LBPAHSnzF7LcUBOfMziugGvVMYiC1tdKQXfmv4fxaHQK9H5nTCNVNuRS/yu6xAhmoBQCI8EUBdRBPg==",
      "dependencies": {
        "lbr-prelude": "file:extra-dependencies/lbr-prelude-1.0.0.tgz",
        "prelude": "file:extra-dependencies/prelude-1.0.1.tgz"
      }
    },
    "node_modules/lbf-prelude-golden-api": {
      "version": "1.0.0",
      "resolved": "file:extra-dependencies/lbf-prelude-golden-api-1.0.0.tgz",
      "integrity": "sha512-nCPzAphuHWkS9ltUXDCVkMBKYdUt0594IqlGiXK7mbGxpuRTVli8gve6KAsQmcXUnaDEKiDrhFrnTKReaBVmFQ==",
      "dependencies": {
        "lbf-prelude": "file:extra-dependencies/lbf-prelude-1.0.0.tgz",
        "lbr-prelude": "file:extra-dependencies/lbr-prelude-1.0.0.tgz",
        "prelude": "file:extra-dependencies/prelude-1.0.1.tgz"
      }
    },
    "node_modules/lbr-prelude": {
      "version": "1.0.0",
      "resolved": "file:extra-dependencies/lbr-prelude-1.0.0.tgz",
      "integrity": "sha512-3desaAg+xjFL1GMr5rdze2g/e91P5qamIflDO21KxWwKRBvca0C0oSuc/vXaR5SXGK+GG5x2SY2Z8tLJgp6dwg==",
      "license": "ISC",
      "dependencies": {
        "prelude": "file:extra-dependencies/prelude-1.0.1.tgz",
        "typescript": "^5.3.3"
      }
    },
    "node_modules/prelude": {
      "version": "1.0.1",
      "resolved": "file:extra-dependencies/prelude-1.0.1.tgz",
      "integrity": "sha512-ucWNcpO/mDC3kgAEx/SP9yzmhWH5FgP8TY1kQpPQw8R0zGHtgpdXnmcKcl1n8s92uIDgBtIZGVUNRoEDLjGwqQ==",
      "license": "ISC"
    },
    "node_modules/typescript": {
      "version": "5.3.3",
      "resolved": "https://registry.npmjs.org/typescript/-/typescript-5.3.3.tgz",
      "integrity": "sha512-pXWcraxM0uxAS+tN0AG/BF2TyqmHO014Z070UsJ+pFvYuRSq8KH8DmWpnbXe0pEPDHXZV3FcAbJkijJ5oNEnWw==",
      "bin": {
        "tsc": "bin/tsc",
        "tsserver": "bin/tsserver"
      },
      "engines": {
        "node": ">=14.17"
      }
    },
    "node_modules/undici-types": {
      "version": "5.26.5",
      "resolved": "https://registry.npmjs.org/undici-types/-/undici-types-5.26.5.tgz",
      "integrity": "sha512-JlCMO+ehdEIKqlFxk6IfVoAUVmgz7cU7zD/h9XZ0qzeosSHmUJVOzSQvvYSYWXkFXC+IfLKSIffhv0sVZup6pA==",
      "dev": true
    }
  },
  "dependencies": {
    "@types/node": {
      "version": "20.11.7",
      "resolved": "https://registry.npmjs.org/@types/node/-/node-20.11.7.tgz",
      "integrity": "sha512-GPmeN1C3XAyV5uybAf4cMLWT9fDWcmQhZVtMFu7OR32WjrqGG+Wnk2V1d0bmtUyE/Zy1QJ9BxyiTih9z8Oks8A==",
      "dev": true,
      "requires": {
        "undici-types": "~5.26.4"
      }
    },
    "lbf-prelude": {
      "version": "file:extra-dependencies/lbf-prelude-1.0.0.tgz",
      "integrity": "sha512-XLxQoeX/LBPAHSnzF7LcUBOfMziugGvVMYiC1tdKQXfmv4fxaHQK9H5nTCNVNuRS/yu6xAhmoBQCI8EUBdRBPg==",
      "requires": {
        "lbr-prelude": "file:extra-dependencies/lbr-prelude-1.0.0.tgz",
        "prelude": "file:extra-dependencies/prelude-1.0.1.tgz"
      }
    },
    "lbf-prelude-golden-api": {
      "version": "file:extra-dependencies/lbf-prelude-golden-api-1.0.0.tgz",
      "integrity": "sha512-nCPzAphuHWkS9ltUXDCVkMBKYdUt0594IqlGiXK7mbGxpuRTVli8gve6KAsQmcXUnaDEKiDrhFrnTKReaBVmFQ==",
      "requires": {
        "lbf-prelude": "file:extra-dependencies/lbf-prelude-1.0.0.tgz",
        "lbr-prelude": "file:extra-dependencies/lbr-prelude-1.0.0.tgz",
        "prelude": "file:extra-dependencies/prelude-1.0.1.tgz"
      }
    },
    "lbr-prelude": {
      "version": "file:extra-dependencies/lbr-prelude-1.0.0.tgz",
      "integrity": "sha512-3desaAg+xjFL1GMr5rdze2g/e91P5qamIflDO21KxWwKRBvca0C0oSuc/vXaR5SXGK+GG5x2SY2Z8tLJgp6dwg==",
      "requires": {
        "prelude": "file:extra-dependencies/prelude-1.0.1.tgz",
        "typescript": "^5.3.3"
      }
    },
    "prelude": {
      "version": "file:extra-dependencies/prelude-1.0.1.tgz",
      "integrity": "sha512-ucWNcpO/mDC3kgAEx/SP9yzmhWH5FgP8TY1kQpPQw8R0zGHtgpdXnmcKcl1n8s92uIDgBtIZGVUNRoEDLjGwqQ=="
    },
    "typescript": {
      "version": "5.3.3",
      "resolved": "https://registry.npmjs.org/typescript/-/typescript-5.3.3.tgz",
      "integrity": "sha512-pXWcraxM0uxAS+tN0AG/BF2TyqmHO014Z070UsJ+pFvYuRSq8KH8DmWpnbXe0pEPDHXZV3FcAbJkijJ5oNEnWw=="
    },
    "undici-types": {
      "version": "5.26.5",
      "resolved": "https://registry.npmjs.org/undici-types/-/undici-types-5.26.5.tgz",
      "integrity": "sha512-JlCMO+ehdEIKqlFxk6IfVoAUVmgz7cU7zD/h9XZ0qzeosSHmUJVOzSQvvYSYWXkFXC+IfLKSIffhv0sVZup6pA==",
      "dev": true
    }
  }
}
