{
  "name": "lbf-prelude-typescript",
  "version": "1.0.0",
  "lockfileVersion": 2,
  "requires": true,
  "packages": {
    "": {
      "name": "lbf-prelude-typescript",
      "version": "1.0.0",
      "license": "ISC",
      "dependencies": {
        "lbf-prelude": "file:.extra-dependencies/lbf-prelude-1.0.0.tgz",
        "lbf-prelude-golden-api": "file:.extra-dependencies/lbf-prelude-golden-api-1.0.0.tgz",
        "lbr-prelude": "file:.extra-dependencies/lbr-prelude-1.0.0.tgz",
        "prelude": "file:.extra-dependencies/prelude-1.0.1.tgz"
      },
      "devDependencies": {
        "@types/node": "^20.11.7",
        "typescript": "^5.3.3"
      }
    },
    "node_modules/@types/node": {
      "version": "20.11.7",
      "resolved": "https://registry.npmjs.org/@types/node/-/node-20.11.7.tgz",
      "integrity": "sha512-GPmeN1C3XAyV5uybAf4cMLWT9fDWcmQhZVtMFu7OR32WjrqGG+Wnk2V1d0bmtUyE/Zy1QJ9BxyiTih9z8Oks8A==",
      "dev": true,
      "dependencies": {
        "undici-types": "~5.26.4"
      }
    },
    "node_modules/lbf-prelude": {
      "version": "1.0.0",
      "resolved": "file:.extra-dependencies/lbf-prelude-1.0.0.tgz",
      "integrity": "sha512-pjBKImYBDMCk+XEc4GFAiloNG4cKHTWpTDEe41JhBIs7KOR09EuJCkURQaouSx7Ce6LACFoY9ilpHdbtPFFYvA==",
      "dependencies": {
        "lbr-prelude": "file:.extra-dependencies/lbr-prelude-1.0.0.tgz",
        "prelude": "file:.extra-dependencies/prelude-1.0.1.tgz"
      }
    },
    "node_modules/lbf-prelude-golden-api": {
      "version": "1.0.0",
      "resolved": "file:.extra-dependencies/lbf-prelude-golden-api-1.0.0.tgz",
      "integrity": "sha512-vNxFuZhb+LvheA4fi5n1ARXIDjJfrn/AGaQuDREI2jdnL0iSjY/RzBwRZubiZ2CpuBL3m95IYeNS7DuCCZHHUg==",
      "dependencies": {
        "lbf-prelude": "file:.extra-dependencies/lbf-prelude-1.0.0.tgz",
        "lbr-prelude": "file:.extra-dependencies/lbr-prelude-1.0.0.tgz",
        "prelude": "file:.extra-dependencies/prelude-1.0.1.tgz"
      }
    },
    "node_modules/lbr-prelude": {
      "version": "1.0.0",
      "resolved": "file:.extra-dependencies/lbr-prelude-1.0.0.tgz",
      "integrity": "sha512-3yDtdD7ywlJMSScbdhc6tsX3GmMR2GciWLSt0f5zu/vL/asgGQR0tOlYAb1QjL1715q1Bfr/61SHomvHv1Fvkw==",
      "license": "ISC",
      "dependencies": {
        "prelude": "file:.extra-dependencies/prelude-1.0.1.tgz",
        "typescript": "^5.3.3"
      }
    },
    "node_modules/prelude": {
      "version": "1.0.1",
      "resolved": "file:.extra-dependencies/prelude-1.0.1.tgz",
      "integrity": "sha512-HAPZ9DWSnYpz7CBJYlXWoydf6uRZT2UvjdKkkN8j2Qw332rwfpOrSOEVDllgmz7xPF5yxyH8w7YGfND6wNM9pw==",
      "license": "ISC"
    },
    "node_modules/typescript": {
      "version": "5.3.3",
      "resolved": "https://registry.npmjs.org/typescript/-/typescript-5.3.3.tgz",
      "integrity": "sha512-pXWcraxM0uxAS+tN0AG/BF2TyqmHO014Z070UsJ+pFvYuRSq8KH8DmWpnbXe0pEPDHXZV3FcAbJkijJ5oNEnWw==",
      "bin": {
        "tsc": "bin/tsc",
        "tsserver": "bin/tsserver"
      },
      "engines": {
        "node": ">=14.17"
      }
    },
    "node_modules/undici-types": {
      "version": "5.26.5",
      "resolved": "https://registry.npmjs.org/undici-types/-/undici-types-5.26.5.tgz",
      "integrity": "sha512-JlCMO+ehdEIKqlFxk6IfVoAUVmgz7cU7zD/h9XZ0qzeosSHmUJVOzSQvvYSYWXkFXC+IfLKSIffhv0sVZup6pA==",
      "dev": true
    }
  },
  "dependencies": {
    "@types/node": {
      "version": "20.11.7",
      "resolved": "https://registry.npmjs.org/@types/node/-/node-20.11.7.tgz",
      "integrity": "sha512-GPmeN1C3XAyV5uybAf4cMLWT9fDWcmQhZVtMFu7OR32WjrqGG+Wnk2V1d0bmtUyE/Zy1QJ9BxyiTih9z8Oks8A==",
      "dev": true,
      "requires": {
        "undici-types": "~5.26.4"
      }
    },
    "lbf-prelude": {
      "version": "file:.extra-dependencies/lbf-prelude-1.0.0.tgz",
      "integrity": "sha512-pjBKImYBDMCk+XEc4GFAiloNG4cKHTWpTDEe41JhBIs7KOR09EuJCkURQaouSx7Ce6LACFoY9ilpHdbtPFFYvA==",
      "requires": {
        "lbr-prelude": "file:.extra-dependencies/lbr-prelude-1.0.0.tgz",
        "prelude": "file:.extra-dependencies/prelude-1.0.1.tgz"
      }
    },
    "lbf-prelude-golden-api": {
      "version": "file:.extra-dependencies/lbf-prelude-golden-api-1.0.0.tgz",
      "integrity": "sha512-vNxFuZhb+LvheA4fi5n1ARXIDjJfrn/AGaQuDREI2jdnL0iSjY/RzBwRZubiZ2CpuBL3m95IYeNS7DuCCZHHUg==",
      "requires": {
        "lbf-prelude": "file:.extra-dependencies/lbf-prelude-1.0.0.tgz",
        "lbr-prelude": "file:.extra-dependencies/lbr-prelude-1.0.0.tgz",
        "prelude": "file:.extra-dependencies/prelude-1.0.1.tgz"
      }
    },
    "lbr-prelude": {
      "version": "file:.extra-dependencies/lbr-prelude-1.0.0.tgz",
      "integrity": "sha512-3yDtdD7ywlJMSScbdhc6tsX3GmMR2GciWLSt0f5zu/vL/asgGQR0tOlYAb1QjL1715q1Bfr/61SHomvHv1Fvkw==",
      "requires": {
        "prelude": "file:.extra-dependencies/prelude-1.0.1.tgz",
        "typescript": "^5.3.3"
      }
    },
    "prelude": {
      "version": "file:.extra-dependencies/prelude-1.0.1.tgz",
      "integrity": "sha512-HAPZ9DWSnYpz7CBJYlXWoydf6uRZT2UvjdKkkN8j2Qw332rwfpOrSOEVDllgmz7xPF5yxyH8w7YGfND6wNM9pw=="
    },
    "typescript": {
      "version": "5.3.3",
      "resolved": "https://registry.npmjs.org/typescript/-/typescript-5.3.3.tgz",
      "integrity": "sha512-pXWcraxM0uxAS+tN0AG/BF2TyqmHO014Z070UsJ+pFvYuRSq8KH8DmWpnbXe0pEPDHXZV3FcAbJkijJ5oNEnWw=="
    },
    "undici-types": {
      "version": "5.26.5",
      "resolved": "https://registry.npmjs.org/undici-types/-/undici-types-5.26.5.tgz",
      "integrity": "sha512-JlCMO+ehdEIKqlFxk6IfVoAUVmgz7cU7zD/h9XZ0qzeosSHmUJVOzSQvvYSYWXkFXC+IfLKSIffhv0sVZup6pA==",
      "dev": true
    }
  }
}
