{
  "name": "lambda-buffers-prelude-sample-project",
  "version": "1.0.0",
  "lockfileVersion": 2,
  "requires": true,
  "packages": {
    "": {
      "name": "lambda-buffers-prelude-sample-project",
      "version": "1.0.0",
      "license": "ISC",
      "dependencies": {
        "lbf-prelude": "file:.extra-dependencies/lbf-prelude-1.0.0.tgz",
        "lbf-prelude-sample-project": "file:.extra-dependencies/lbf-prelude-sample-project-1.0.0.tgz",
        "lbr-prelude": "file:.extra-dependencies/lbr-prelude-1.0.0.tgz",
        "prelude": "file:.extra-dependencies/prelude-1.0.1.tgz"
      },
      "devDependencies": {
        "typescript": "^5.3.3"
      }
    },
    "node_modules/lbf-prelude": {
      "version": "1.0.0",
      "resolved": "file:.extra-dependencies/lbf-prelude-1.0.0.tgz",
      "integrity": "sha512-XLxQoeX/LBPAHSnzF7LcUBOfMziugGvVMYiC1tdKQXfmv4fxaHQK9H5nTCNVNuRS/yu6xAhmoBQCI8EUBdRBPg==",
      "dependencies": {
        "lbr-prelude": "file:.extra-dependencies/lbr-prelude-1.0.0.tgz",
        "prelude": "file:.extra-dependencies/prelude-1.0.1.tgz"
      }
    },
    "node_modules/lbf-prelude-sample-project": {
      "version": "1.0.0",
      "resolved": "file:.extra-dependencies/lbf-prelude-sample-project-1.0.0.tgz",
      "integrity": "sha512-o1ik3TcPl9NIBKB1JFEY/GZBTizx5JZ7nqshACz4GuadolK79W90YspmvmNP/oLe2P3HUjw2UBYG+sdNRHzQbg==",
      "dependencies": {
        "lbf-prelude": "file:.extra-dependencies/lbf-prelude-1.0.0.tgz",
        "lbr-prelude": "file:.extra-dependencies/lbr-prelude-1.0.0.tgz",
        "prelude": "file:.extra-dependencies/prelude-1.0.1.tgz"
      }
    },
    "node_modules/lbr-prelude": {
      "version": "1.0.0",
      "resolved": "file:.extra-dependencies/lbr-prelude-1.0.0.tgz",
      "integrity": "sha512-ve/VcacDc1qSwWvNciYqVPV7mzN0jzrPi1RHpVFdNEsyLPasr7/qq0vxOeIJrcnIMeDWO5K866Luy/edvq2eow==",
      "license": "ISC",
      "dependencies": {
        "prelude": "file:.extra-dependencies/prelude-1.0.1.tgz",
        "typescript": "^5.3.3"
      }
    },
    "node_modules/prelude": {
      "version": "1.0.1",
      "resolved": "file:.extra-dependencies/prelude-1.0.1.tgz",
      "integrity": "sha512-ucWNcpO/mDC3kgAEx/SP9yzmhWH5FgP8TY1kQpPQw8R0zGHtgpdXnmcKcl1n8s92uIDgBtIZGVUNRoEDLjGwqQ==",
      "license": "ISC"
    },
    "node_modules/typescript": {
      "version": "5.3.3",
      "resolved": "https://registry.npmjs.org/typescript/-/typescript-5.3.3.tgz",
      "integrity": "sha512-pXWcraxM0uxAS+tN0AG/BF2TyqmHO014Z070UsJ+pFvYuRSq8KH8DmWpnbXe0pEPDHXZV3FcAbJkijJ5oNEnWw==",
      "bin": {
        "tsc": "bin/tsc",
        "tsserver": "bin/tsserver"
      },
      "engines": {
        "node": ">=14.17"
      }
    }
  },
  "dependencies": {
    "lbf-prelude": {
      "version": "file:.extra-dependencies/lbf-prelude-1.0.0.tgz",
      "integrity": "sha512-XLxQoeX/LBPAHSnzF7LcUBOfMziugGvVMYiC1tdKQXfmv4fxaHQK9H5nTCNVNuRS/yu6xAhmoBQCI8EUBdRBPg==",
      "requires": {
        "lbr-prelude": "file:.extra-dependencies/lbr-prelude-1.0.0.tgz",
        "prelude": "file:..extra-dependencies/prelude-1.0.1.tgz"
      }
    },
    "lbf-prelude-sample-project": {
      "version": "file:.extra-dependencies/lbf-prelude-sample-project-1.0.0.tgz",
      "integrity": "sha512-o1ik3TcPl9NIBKB1JFEY/GZBTizx5JZ7nqshACz4GuadolK79W90YspmvmNP/oLe2P3HUjw2UBYG+sdNRHzQbg==",
      "requires": {
        "lbf-prelude": "file:.extra-dependencies/lbf-prelude-1.0.0.tgz",
        "lbr-prelude": "file:.extra-dependencies/lbr-prelude-1.0.0.tgz",
        "prelude": "file:.extra-dependencies/prelude-1.0.1.tgz"
      }
    },
    "lbr-prelude": {
      "version": "file:.extra-dependencies/lbr-prelude-1.0.0.tgz",
      "integrity": "sha512-ve/VcacDc1qSwWvNciYqVPV7mzN0jzrPi1RHpVFdNEsyLPasr7/qq0vxOeIJrcnIMeDWO5K866Luy/edvq2eow==",
      "requires": {
        "prelude": "file:.extra-dependencies/prelude-1.0.1.tgz",
        "typescript": "^5.3.3"
      }
    },
    "prelude": {
      "version": "file:.extra-dependencies/prelude-1.0.1.tgz",
      "integrity": "sha512-ucWNcpO/mDC3kgAEx/SP9yzmhWH5FgP8TY1kQpPQw8R0zGHtgpdXnmcKcl1n8s92uIDgBtIZGVUNRoEDLjGwqQ=="
    },
    "typescript": {
      "version": "5.3.3",
      "resolved": "https://registry.npmjs.org/typescript/-/typescript-5.3.3.tgz",
      "integrity": "sha512-pXWcraxM0uxAS+tN0AG/BF2TyqmHO014Z070UsJ+pFvYuRSq8KH8DmWpnbXe0pEPDHXZV3FcAbJkijJ5oNEnWw=="
    }
  }
}
