{
  "name": "lambda-buffers-prelude-sample-project",
  "version": "1.0.0",
  "lockfileVersion": 2,
  "requires": true,
  "packages": {
    "": {
      "name": "lambda-buffers-prelude-sample-project",
      "version": "1.0.0",
      "license": "ISC",
      "dependencies": {
        "lbf-prelude": "file:extra-dependencies/lbf-prelude-1.0.0.tgz",
        "lbr-prelude": "file:extra-dependencies/lbr-prelude-1.0.0.tgz",
        "myschema-lb": "file:extra-dependencies/myschema-lb-1.0.0.tgz",
        "prelude": "file:extra-dependencies/prelude-1.0.1.tgz"
      },
      "devDependencies": {
        "typescript": "^5.3.3"
      }
    },
    "node_modules/lbf-prelude": {
      "version": "1.0.0",
      "resolved": "file:extra-dependencies/lbf-prelude-1.0.0.tgz",
      "integrity": "sha512-XLxQoeX/LBPAHSnzF7LcUBOfMziugGvVMYiC1tdKQXfmv4fxaHQK9H5nTCNVNuRS/yu6xAhmoBQCI8EUBdRBPg==",
      "dependencies": {
        "lbr-prelude": "file:extra-dependencies/lbr-prelude-1.0.0.tgz",
        "prelude": "file:extra-dependencies/prelude-1.0.1.tgz"
      }
    },
    "node_modules/lbr-prelude": {
      "version": "1.0.0",
      "resolved": "file:extra-dependencies/lbr-prelude-1.0.0.tgz",
      "integrity": "sha512-/iYizmjag3N+YrY59AiQFTy0DdD3i+srJlUJYXbmVdIZHiSm2QKD6NZkUdy9EcyzVyN1/074I0NIKgQxjp/nKw==",
      "license": "ISC",
      "dependencies": {
        "prelude": "file:extra-dependencies/prelude-1.0.1.tgz",
        "typescript": "^5.3.3"
      }
    },
    "node_modules/myschema-lb": {
      "version": "1.0.0",
      "resolved": "file:extra-dependencies/myschema-lb-1.0.0.tgz",
      "integrity": "sha512-O0Y7ULR/ng93RuVsyFd4ztcylWSnoRt6AitmcM+b1J7SfM6E6wEWgaM8/M1TTEbYsFECNyiJvi3W+awWxzJ2Xg==",
      "dependencies": {
        "lbf-prelude": "file:extra-dependencies/lbf-prelude-1.0.0.tgz",
        "lbr-prelude": "file:extra-dependencies/lbr-prelude-1.0.0.tgz",
        "prelude": "file:extra-dependencies/prelude-1.0.1.tgz"
      }
    },
    "node_modules/prelude": {
      "version": "1.0.1",
      "resolved": "file:extra-dependencies/prelude-1.0.1.tgz",
      "integrity": "sha512-ucWNcpO/mDC3kgAEx/SP9yzmhWH5FgP8TY1kQpPQw8R0zGHtgpdXnmcKcl1n8s92uIDgBtIZGVUNRoEDLjGwqQ==",
      "license": "ISC"
    },
    "node_modules/typescript": {
      "version": "5.3.3",
      "resolved": "https://registry.npmjs.org/typescript/-/typescript-5.3.3.tgz",
      "integrity": "sha512-pXWcraxM0uxAS+tN0AG/BF2TyqmHO014Z070UsJ+pFvYuRSq8KH8DmWpnbXe0pEPDHXZV3FcAbJkijJ5oNEnWw==",
      "bin": {
        "tsc": "bin/tsc",
        "tsserver": "bin/tsserver"
      },
      "engines": {
        "node": ">=14.17"
      }
    }
  },
  "dependencies": {
    "lbf-prelude": {
      "version": "file:extra-dependencies/lbf-prelude-1.0.0.tgz",
      "integrity": "sha512-XLxQoeX/LBPAHSnzF7LcUBOfMziugGvVMYiC1tdKQXfmv4fxaHQK9H5nTCNVNuRS/yu6xAhmoBQCI8EUBdRBPg==",
      "requires": {
        "lbr-prelude": "file:extra-dependencies/lbr-prelude-1.0.0.tgz",
        "prelude": "file:extra-dependencies/prelude-1.0.1.tgz"
      }
    },
    "lbr-prelude": {
      "version": "file:extra-dependencies/lbr-prelude-1.0.0.tgz",
      "integrity": "sha512-/iYizmjag3N+YrY59AiQFTy0DdD3i+srJlUJYXbmVdIZHiSm2QKD6NZkUdy9EcyzVyN1/074I0NIKgQxjp/nKw==",
      "requires": {
        "prelude": "file:extra-dependencies/prelude-1.0.1.tgz",
        "typescript": "^5.3.3"
      }
    },
    "myschema-lb": {
      "version": "file:extra-dependencies/myschema-lb-1.0.0.tgz",
      "integrity": "sha512-O0Y7ULR/ng93RuVsyFd4ztcylWSnoRt6AitmcM+b1J7SfM6E6wEWgaM8/M1TTEbYsFECNyiJvi3W+awWxzJ2Xg==",
      "requires": {
        "lbf-prelude": "file:extra-dependencies/lbf-prelude-1.0.0.tgz",
        "lbr-prelude": "file:extra-dependencies/lbr-prelude-1.0.0.tgz",
        "prelude": "file:extra-dependencies/prelude-1.0.1.tgz"
      }
    },
    "prelude": {
      "version": "file:extra-dependencies/prelude-1.0.1.tgz",
      "integrity": "sha512-ucWNcpO/mDC3kgAEx/SP9yzmhWH5FgP8TY1kQpPQw8R0zGHtgpdXnmcKcl1n8s92uIDgBtIZGVUNRoEDLjGwqQ=="
    },
    "typescript": {
      "version": "5.3.3",
      "resolved": "https://registry.npmjs.org/typescript/-/typescript-5.3.3.tgz",
      "integrity": "sha512-pXWcraxM0uxAS+tN0AG/BF2TyqmHO014Z070UsJ+pFvYuRSq8KH8DmWpnbXe0pEPDHXZV3FcAbJkijJ5oNEnWw=="
    }
  }
}
