{
  "name": "lambda-buffers-prelude-sample-project",
  "version": "1.0.0",
  "lockfileVersion": 2,
  "requires": true,
  "packages": {
    "": {
      "name": "lambda-buffers-prelude-sample-project",
      "version": "1.0.0",
      "license": "ISC",
      "dependencies": {
        "lbr-prelude": "file:extra-dependencies/lbr-prelude-1.0.0.tgz",
        "myschema-lb": "file:extra-dependencies/myschema-lb-1.0.0.tgz",
        "prelude": "file:extra-dependencies/prelude-1.0.1.tgz"
      },
      "devDependencies": {
        "typescript": "^5.3.3"
      }
    },
    "node_modules/lbr-prelude": {
      "version": "1.0.0",
      "resolved": "file:extra-dependencies/lbr-prelude-1.0.0.tgz",
      "integrity": "sha512-nJ2oNV3RpkkA+SF0wk6+VfwczW204xNbbw69MVn5wh7cR5RzVDLhgGVhvCoNT+XocW4SoSCk9agxqjXqGmjyxg==",
      "license": "ISC",
      "dependencies": {
        "prelude": "file:extra-dependencies/prelude-1.0.1.tgz",
        "typescript": "^5.3.3"
      }
    },
    "node_modules/myschema-lb": {
      "version": "1.0.0",
      "resolved": "file:extra-dependencies/myschema-lb-1.0.0.tgz",
      "integrity": "sha512-C/GuZUH+EA16opy3S3DjMEZ/geAR5HTutHvJQ/usa288v1u/n+pLOAU8e739GVlxUFLpm8x60qKeATwx6LrYAQ==",
      "dependencies": {
        "lbr-prelude": "file:extra-dependencies/lbr-prelude-1.0.0.tgz",
        "prelude": "file:extra-dependencies/prelude-1.0.1.tgz"
      }
    },
    "node_modules/prelude": {
      "version": "1.0.1",
      "resolved": "file:extra-dependencies/prelude-1.0.1.tgz",
      "integrity": "sha512-ucWNcpO/mDC3kgAEx/SP9yzmhWH5FgP8TY1kQpPQw8R0zGHtgpdXnmcKcl1n8s92uIDgBtIZGVUNRoEDLjGwqQ==",
      "license": "ISC"
    },
    "node_modules/typescript": {
      "version": "5.3.3",
      "resolved": "https://registry.npmjs.org/typescript/-/typescript-5.3.3.tgz",
      "integrity": "sha512-pXWcraxM0uxAS+tN0AG/BF2TyqmHO014Z070UsJ+pFvYuRSq8KH8DmWpnbXe0pEPDHXZV3FcAbJkijJ5oNEnWw==",
      "bin": {
        "tsc": "bin/tsc",
        "tsserver": "bin/tsserver"
      },
      "engines": {
        "node": ">=14.17"
      }
    }
  },
  "dependencies": {
    "lbr-prelude": {
      "version": "file:extra-dependencies/lbr-prelude-1.0.0.tgz",
      "integrity": "sha512-nJ2oNV3RpkkA+SF0wk6+VfwczW204xNbbw69MVn5wh7cR5RzVDLhgGVhvCoNT+XocW4SoSCk9agxqjXqGmjyxg==",
      "requires": {
        "prelude": "file:extra-dependencies/prelude-1.0.1.tgz",
        "typescript": "^5.3.3"
      }
    },
    "myschema-lb": {
      "version": "file:extra-dependencies/myschema-lb-1.0.0.tgz",
      "integrity": "sha512-C/GuZUH+EA16opy3S3DjMEZ/geAR5HTutHvJQ/usa288v1u/n+pLOAU8e739GVlxUFLpm8x60qKeATwx6LrYAQ==",
      "requires": {
        "lbr-prelude": "file:extra-dependencies/lbr-prelude-1.0.0.tgz",
        "prelude": "file:extra-dependencies/prelude-1.0.1.tgz"
      }
    },
    "prelude": {
      "version": "file:extra-dependencies/prelude-1.0.1.tgz",
      "integrity": "sha512-ucWNcpO/mDC3kgAEx/SP9yzmhWH5FgP8TY1kQpPQw8R0zGHtgpdXnmcKcl1n8s92uIDgBtIZGVUNRoEDLjGwqQ=="
    },
    "typescript": {
      "version": "5.3.3",
      "resolved": "https://registry.npmjs.org/typescript/-/typescript-5.3.3.tgz",
      "integrity": "sha512-pXWcraxM0uxAS+tN0AG/BF2TyqmHO014Z070UsJ+pFvYuRSq8KH8DmWpnbXe0pEPDHXZV3FcAbJkijJ5oNEnWw=="
    }
  }
}
