# This file was autogenerated by Stack.
# You should not edit this file by hand.
# For more information, please see the documentation at:
#   https://docs.haskellstack.org/en/stable/lock_files

packages:
- completed:
    hackage: row-types-1.0.1.2@sha256:5c56e91d30b61f275eaee0d97b015d5332d95d7599e57582d6e62a43aa388087,2948
    pantry-tree:
      size: 1060
      sha256: 5fb893f6e14aff59d6f2be39b4b288c66d53551f746c44edd0d069487ce167bd
  original:
    hackage: row-types-1.0.1.2@sha256:5c56e91d30b61f275eaee0d97b015d5332d95d7599e57582d6e62a43aa388087,2948
- completed:
    hackage: constraints-0.13.3@sha256:46526e9fbcbd58802c23d3a7fd22c0a2c98c7a577e50fdd5080b237d30fbe01d,2396
    pantry-tree:
      size: 867
      sha256: 94987f0d04f84088bb846d901d21386c52a006088aa442c6d739e6074f1f02fc
  original:
    hackage: constraints-0.13.3@sha256:46526e9fbcbd58802c23d3a7fd22c0a2c98c7a577e50fdd5080b237d30fbe01d,2396
- completed:
    hackage: generic-lens-2.2.1.0@sha256:6843380740d66cb6bf8ebaaf29d307d2610580eb8303222ee51ada033eca273f,3895
    pantry-tree:
      size: 2470
      sha256: 2e44f7d17674411cd2e1fc80e8b87e841924d19b9477a0e1213bfd078f9d38ed
  original:
    hackage: generic-lens-2.2.1.0@sha256:6843380740d66cb6bf8ebaaf29d307d2610580eb8303222ee51ada033eca273f,3895
- completed:
    hackage: hashable-1.4.0.2@sha256:0cddd0229d1aac305ea0404409c0bbfab81f075817bd74b8b2929eff58333e55,5005
    pantry-tree:
      size: 1248
      sha256: 51dda0aa70849588d074125f324beba1c8736cfa486e7f4a90a798b1d0e6019d
  original:
    hackage: hashable-1.4.0.2@sha256:0cddd0229d1aac305ea0404409c0bbfab81f075817bd74b8b2929eff58333e55,5005
- completed:
    hackage: profunctors-5.6.2@sha256:3d3685119243a7ebf984fa6af03299d156ab7674a432e2e15ecee2a4fd420fb6,2483
    pantry-tree:
      size: 1588
      sha256: 2a839845b75d600ab5a51c582a740de87805f794caa5836b6a16250d9b535789
  original:
    hackage: profunctors-5.6.2@sha256:3d3685119243a7ebf984fa6af03299d156ab7674a432e2e15ecee2a4fd420fb6,2483
- completed:
    hackage: unordered-containers-0.2.17.0@sha256:50d72c7945df6389d0bb683dea1c7529b28b26f8c632de186437d1e866af8cf8,3302
    pantry-tree:
      size: 1517
      sha256: b556ac42b7294152a7a6854689310ba70ad7fb1462f5cb0051a188b83433f45c
  original:
    hackage: unordered-containers-0.2.17.0@sha256:50d72c7945df6389d0bb683dea1c7529b28b26f8c632de186437d1e866af8cf8,3302
- completed:
    hackage: base-orphans-0.8.6@sha256:eb6758d0160d607e0c45dbd6b196f515b9a589fd4f6d2f926929dd5d56282d37,3175
    pantry-tree:
      size: 1272
      sha256: f889d6903383305688e6e703982bfdc985649b7d4538429e44f98f99d8f73c07
  original:
    hackage: base-orphans-0.8.6@sha256:eb6758d0160d607e0c45dbd6b196f515b9a589fd4f6d2f926929dd5d56282d37,3175
- completed:
    hackage: bifunctors-5.5.11@sha256:cc425ee85aae56dba1123baf6fb3fa7abcd90782f26bb904eef14c7332ee85f6,3919
    pantry-tree:
      size: 1758
      sha256: d3f0fdcd108e771b5cb68ee068c9a8637494e0c513f0845124798cc9dcdd11f0
  original:
    hackage: bifunctors-5.5.11@sha256:cc425ee85aae56dba1123baf6fb3fa7abcd90782f26bb904eef14c7332ee85f6,3919
- completed:
    hackage: comonad-5.0.8@sha256:1f1aabd73ec7f80f20cf078a748a60cd48d8e57277802fdf6a9ab3601a9b8f7e,3631
    pantry-tree:
      size: 1618
      sha256: 394660fe7fa4127e5a181890bce28b9fcd6eb180ba25aa5566bc8b5bdd385517
  original:
    hackage: comonad-5.0.8@sha256:1f1aabd73ec7f80f20cf078a748a60cd48d8e57277802fdf6a9ab3601a9b8f7e,3631
- completed:
    hackage: contravariant-1.5.5@sha256:470ed0e040e879e2da4af1b2c8f94e199f6135852a8107858d5ae0a95365835f,3041
    pantry-tree:
      size: 652
      sha256: 9eb62fea28548dc8a0f60fd47c12843092b78b24ed771b8ad63a0bb34dba8bc4
  original:
    hackage: contravariant-1.5.5@sha256:470ed0e040e879e2da4af1b2c8f94e199f6135852a8107858d5ae0a95365835f,3041
- completed:
    hackage: distributive-0.6.2.1@sha256:0f99f5541cca04acf89b64432b03422b6408e830a8dff30e6c4334ef1a48680c,2996
    pantry-tree:
      size: 735
      sha256: a42bed5fe0ba295643538312dee6c9436314c05a6f7efdd32b4303979f8bd744
  original:
    hackage: distributive-0.6.2.1@sha256:0f99f5541cca04acf89b64432b03422b6408e830a8dff30e6c4334ef1a48680c,2996
- completed:
    hackage: generic-lens-core-2.2.1.0@sha256:a7ee35db4a6e9ed736f6f772f7c05929c9f95995bcbcdc16d5c48daa8835a455,2941
    pantry-tree:
      size: 2202
      sha256: a6cc6f5c5702eac5227c563911a66ae096fab96bf8827530f4f8b7f3cf2b5713
  original:
    hackage: generic-lens-core-2.2.1.0@sha256:a7ee35db4a6e9ed736f6f772f7c05929c9f95995bcbcdc16d5c48daa8835a455,2941
- completed:
    hackage: tagged-0.8.6.1@sha256:29c67d98a4404607f024750ab9c7210dadcbbef4e1944c48c52902f2071b2662,2874
    pantry-tree:
      size: 496
      sha256: 4548d4f2d43e25a182ac6f5da34364c4a41a1da88468c671445a0bf2a70c130c
  original:
    hackage: tagged-0.8.6.1@sha256:29c67d98a4404607f024750ab9c7210dadcbbef4e1944c48c52902f2071b2662,2874
- completed:
    hackage: transformers-compat-0.7.1@sha256:873ef500790cae136d14b2e890da1fe4df963e372f21b1671fa3c6cdfb23b10f,5807
    pantry-tree:
      size: 1724
      sha256: e55fbafc570488d3303ed79c7e3e74413dabbbe4a9d860d1958e5a1b27930079
  original:
    hackage: transformers-compat-0.7.1@sha256:873ef500790cae136d14b2e890da1fe4df963e372f21b1671fa3c6cdfb23b10f,5807
- completed:
    hackage: type-equality-1@sha256:bb3a34a93ad02866763b325e889ea9f5aa31f7428e32dcaa1cf14015bd21b9cb,1597
    pantry-tree:
      size: 313
      sha256: ea121a8b58ce43a4f1f7556cc73e8c2b8b71950d9ccf35252fd3e9c3514c8798
  original:
    hackage: type-equality-1@sha256:bb3a34a93ad02866763b325e889ea9f5aa31f7428e32dcaa1cf14015bd21b9cb,1597
- completed:
    hackage: StateVar-1.2.2@sha256:3c022c00485fe165e3080d5da6b3ca9c9b02f62c5deebc584d1b3d1309ce673e,1673
    pantry-tree:
      size: 314
      sha256: 204cac98219e99334f47b12c565945611748ea03a4d629273dd697d738bcfd7f
  original:
    hackage: StateVar-1.2.2@sha256:3c022c00485fe165e3080d5da6b3ca9c9b02f62c5deebc584d1b3d1309ce673e,1673
- completed:
    hackage: indexed-profunctors-0.1.1@sha256:363e1bcd89f8498a770ae783e8388fcce35e6515b4c38dca47327aad81196a7b,1063
    pantry-tree:
      size: 287
      sha256: 4ad1a4eda03a19694ec56983d8a4e5bb825f8bc503b2ed8dd30475a7150635c9
  original:
    hackage: indexed-profunctors-0.1.1@sha256:363e1bcd89f8498a770ae783e8388fcce35e6515b4c38dca47327aad81196a7b,1063
- completed:
    hackage: indexed-traversable-0.1.2@sha256:d66228887242f93ccb4fc7101a1e25a6560c8e4708f6e9ee1d3dd21901756c65,2519
    pantry-tree:
      size: 495
      sha256: 7edfd8672d45016089df7227d9f6452117632a7236d4e71b24a2a1041cab4701
  original:
    hackage: indexed-traversable-0.1.2@sha256:d66228887242f93ccb4fc7101a1e25a6560c8e4708f6e9ee1d3dd21901756c65,2519
- completed:
    hackage: th-abstraction-0.4.3.0@sha256:db4b3b69398acd8a7c5c8cc8a962da55d65d05d44d5039b51bd3cb5fb3d8400f,2148
    pantry-tree:
      size: 670
      sha256: cd2d3fd020b3c6b415e41c71b60999ca7dd14918b056e15e090f640cba1feed8
  original:
    hackage: th-abstraction-0.4.3.0@sha256:db4b3b69398acd8a7c5c8cc8a962da55d65d05d44d5039b51bd3cb5fb3d8400f,2148
snapshots: []
