{
  "name": "lambda-buffers-prelude-sample-project",
  "version": "1.0.0",
  "lockfileVersion": 2,
  "requires": true,
  "packages": {
    "": {
      "name": "lambda-buffers-prelude-sample-project",
      "version": "1.0.0",
      "license": "ISC",
      "dependencies": {
        "lbf-plutus": "file:extra-dependencies/lbf-plutus-1.0.0.tgz",
        "lbf-prelude": "file:extra-dependencies/lbf-prelude-1.0.0.tgz",
        "lbr-plutus": "file:extra-dependencies/lbr-plutus-1.0.0.tgz",
        "lbr-prelude": "file:extra-dependencies/lbr-prelude-1.0.0.tgz",
        "myschema-lb": "file:extra-dependencies/myschema-lb-1.0.0.tgz",
        "plutus-lb": "file:extra-dependencies/plutus-lb-1.0.0.tgz",
        "plutus-ledger-api": "file:extra-dependencies/plutus-ledger-api-1.0.0.tgz",
        "prelude": "file:extra-dependencies/prelude-1.0.1.tgz"
      },
      "devDependencies": {
        "typescript": "^5.3.3"
      }
    },
    "node_modules/lbf-plutus": {
      "version": "1.0.0",
      "resolved": "file:extra-dependencies/lbf-plutus-1.0.0.tgz",
      "integrity": "sha512-JeuWeFe209tN/tut5nBzsEMah0gEYGyktTlkPmGt06rwHMYR44+DID4mAcQfAuN4PbE7RzWzPc4bWRp9QZH9KQ==",
      "dependencies": {
        "lbf-prelude": "file:extra-dependencies/lbf-prelude-1.0.0.tgz",
        "lbr-plutus": "file:extra-dependencies/lbr-plutus-1.0.0.tgz",
        "lbr-prelude": "file:extra-dependencies/lbr-prelude-1.0.0.tgz",
        "plutus-ledger-api": "file:extra-dependencies/plutus-ledger-api-1.0.0.tgz",
        "prelude": "file:extra-dependencies/prelude-1.0.1.tgz"
      }
    },
    "node_modules/lbf-prelude": {
      "version": "1.0.0",
      "resolved": "file:extra-dependencies/lbf-prelude-1.0.0.tgz",
      "integrity": "sha512-XLxQoeX/LBPAHSnzF7LcUBOfMziugGvVMYiC1tdKQXfmv4fxaHQK9H5nTCNVNuRS/yu6xAhmoBQCI8EUBdRBPg==",
      "dependencies": {
        "lbr-prelude": "file:extra-dependencies/lbr-prelude-1.0.0.tgz",
        "prelude": "file:extra-dependencies/prelude-1.0.1.tgz"
      }
    },
    "node_modules/lbr-plutus": {
      "version": "1.0.0",
      "resolved": "file:extra-dependencies/lbr-plutus-1.0.0.tgz",
      "integrity": "sha512-CRpunWAoCcIKN4yCfkB/ABoaeRib0T2NElKqJ+EfwBPNNyZyIvy9hgaBK54d6048tcaOMjaA5iC90vLDChPIDw==",
      "license": "ISC",
      "dependencies": {
        "lbr-prelude": "file:extra-dependencies/lbr-prelude-1.0.0.tgz",
        "plutus-ledger-api": "file:extra-dependencies/plutus-ledger-api-1.0.0.tgz",
        "prelude": "file:extra-dependencies/prelude-1.0.1.tgz"
      }
    },
    "node_modules/lbr-prelude": {
      "version": "1.0.0",
      "resolved": "file:extra-dependencies/lbr-prelude-1.0.0.tgz",
      "integrity": "sha512-aVcxmboCTRcNcFywouya1GqX+jlW39WatoonBr0F1h9d0p0zKHd6WAhI54n8GtpXbSH/29XunkWN13VoAaEZhQ==",
      "license": "ISC",
      "dependencies": {
        "prelude": "file:extra-dependencies/prelude-1.0.1.tgz",
        "typescript": "^5.3.3"
      }
    },
    "node_modules/myschema-lb": {
      "version": "1.0.0",
      "resolved": "file:extra-dependencies/myschema-lb-1.0.0.tgz",
      "integrity": "sha512-T94yuRlIEdXwW8jbyS267x9hHkuzbc1fc5Sj55jJLe3Bhebu9ymVMcBRy2i+vfpmIorV/8KTUbedd16hEJhtFw==",
      "dependencies": {
        "lbf-plutus": "file:extra-dependencies/lbf-plutus-1.0.0.tgz",
        "lbf-prelude": "file:extra-dependencies/lbf-prelude-1.0.0.tgz",
        "lbr-plutus": "file:extra-dependencies/lbr-plutus-1.0.0.tgz",
        "lbr-prelude": "file:extra-dependencies/lbr-prelude-1.0.0.tgz",
        "plutus-ledger-api": "file:extra-dependencies/plutus-ledger-api-1.0.0.tgz",
        "prelude": "file:extra-dependencies/prelude-1.0.1.tgz"
      }
    },
    "node_modules/plutus-lb": {
      "version": "1.0.0",
      "resolved": "file:extra-dependencies/plutus-lb-1.0.0.tgz",
      "integrity": "sha512-OZK8dNSqxactrdvBAnoFvYy6vD3Xh1p1koEcTLQGdZp6eOT4rvGMT0mck1op/gqtQBNVOxf/mvsuis0VxPH6hA==",
      "dependencies": {
        "lbr-plutus": "file:extra-dependencies/lbr-plutus-1.0.0.tgz",
        "lbr-prelude": "file:extra-dependencies/lbr-prelude-1.0.0.tgz",
        "plutus-ledger-api": "file:extra-dependencies/plutus-ledger-api-1.0.0.tgz",
        "prelude": "file:extra-dependencies/prelude-1.0.1.tgz"
      }
    },
    "node_modules/plutus-ledger-api": {
      "version": "1.0.0",
      "resolved": "file:extra-dependencies/plutus-ledger-api-1.0.0.tgz",
      "integrity": "sha512-CR4CshLrbu15tUu7RPA3fvzRZ/HjOsBOJJ4P144b3dtzToP2ljJ4KbCZs3pk3im71sst7fjQKdEM97B3fyMc3Q==",
      "license": "ISC",
      "dependencies": {
        "prelude": "file:extra-dependencies/prelude-1.0.1.tgz"
      }
    },
    "node_modules/prelude": {
      "version": "1.0.1",
      "resolved": "file:extra-dependencies/prelude-1.0.1.tgz",
      "integrity": "sha512-ucWNcpO/mDC3kgAEx/SP9yzmhWH5FgP8TY1kQpPQw8R0zGHtgpdXnmcKcl1n8s92uIDgBtIZGVUNRoEDLjGwqQ==",
      "license": "ISC"
    },
    "node_modules/typescript": {
      "version": "5.3.3",
      "resolved": "https://registry.npmjs.org/typescript/-/typescript-5.3.3.tgz",
      "integrity": "sha512-pXWcraxM0uxAS+tN0AG/BF2TyqmHO014Z070UsJ+pFvYuRSq8KH8DmWpnbXe0pEPDHXZV3FcAbJkijJ5oNEnWw==",
      "bin": {
        "tsc": "bin/tsc",
        "tsserver": "bin/tsserver"
      },
      "engines": {
        "node": ">=14.17"
      }
    }
  },
  "dependencies": {
    "lbf-plutus": {
      "version": "file:extra-dependencies/lbf-plutus-1.0.0.tgz",
      "integrity": "sha512-JeuWeFe209tN/tut5nBzsEMah0gEYGyktTlkPmGt06rwHMYR44+DID4mAcQfAuN4PbE7RzWzPc4bWRp9QZH9KQ==",
      "requires": {
        "lbf-prelude": "file:extra-dependencies/lbf-prelude-1.0.0.tgz",
        "lbr-plutus": "file:extra-dependencies/lbr-plutus-1.0.0.tgz",
        "lbr-prelude": "file:extra-dependencies/lbr-prelude-1.0.0.tgz",
        "plutus-ledger-api": "file:extra-dependencies/plutus-ledger-api-1.0.0.tgz",
        "prelude": "file:extra-dependencies/prelude-1.0.1.tgz"
      }
    },
    "lbf-prelude": {
      "version": "file:extra-dependencies/lbf-prelude-1.0.0.tgz",
      "integrity": "sha512-XLxQoeX/LBPAHSnzF7LcUBOfMziugGvVMYiC1tdKQXfmv4fxaHQK9H5nTCNVNuRS/yu6xAhmoBQCI8EUBdRBPg==",
      "requires": {
        "lbr-prelude": "file:extra-dependencies/lbr-prelude-1.0.0.tgz",
        "prelude": "file:extra-dependencies/prelude-1.0.1.tgz"
      }
    },
    "lbr-plutus": {
      "version": "file:extra-dependencies/lbr-plutus-1.0.0.tgz",
      "integrity": "sha512-CRpunWAoCcIKN4yCfkB/ABoaeRib0T2NElKqJ+EfwBPNNyZyIvy9hgaBK54d6048tcaOMjaA5iC90vLDChPIDw==",
      "requires": {
        "lbr-prelude": "file:extra-dependencies/lbr-prelude-1.0.0.tgz",
        "plutus-ledger-api": "file:extra-dependencies/plutus-ledger-api-1.0.0.tgz",
        "prelude": "file:extra-dependencies/prelude-1.0.1.tgz"
      }
    },
    "lbr-prelude": {
      "version": "file:extra-dependencies/lbr-prelude-1.0.0.tgz",
      "integrity": "sha512-aVcxmboCTRcNcFywouya1GqX+jlW39WatoonBr0F1h9d0p0zKHd6WAhI54n8GtpXbSH/29XunkWN13VoAaEZhQ==",
      "requires": {
        "prelude": "file:extra-dependencies/prelude-1.0.1.tgz",
        "typescript": "^5.3.3"
      }
    },
    "myschema-lb": {
      "version": "file:extra-dependencies/myschema-lb-1.0.0.tgz",
      "integrity": "sha512-T94yuRlIEdXwW8jbyS267x9hHkuzbc1fc5Sj55jJLe3Bhebu9ymVMcBRy2i+vfpmIorV/8KTUbedd16hEJhtFw==",
      "requires": {
        "lbf-plutus": "file:extra-dependencies/lbf-plutus-1.0.0.tgz",
        "lbf-prelude": "file:extra-dependencies/lbf-prelude-1.0.0.tgz",
        "lbr-plutus": "file:extra-dependencies/lbr-plutus-1.0.0.tgz",
        "lbr-prelude": "file:extra-dependencies/lbr-prelude-1.0.0.tgz",
        "plutus-ledger-api": "file:extra-dependencies/plutus-ledger-api-1.0.0.tgz",
        "prelude": "file:extra-dependencies/prelude-1.0.1.tgz"
      }
    },
    "plutus-lb": {
      "version": "file:extra-dependencies/plutus-lb-1.0.0.tgz",
      "integrity": "sha512-OZK8dNSqxactrdvBAnoFvYy6vD3Xh1p1koEcTLQGdZp6eOT4rvGMT0mck1op/gqtQBNVOxf/mvsuis0VxPH6hA==",
      "requires": {
        "lbr-plutus": "file:extra-dependencies/lbr-plutus-1.0.0.tgz",
        "lbr-prelude": "file:extra-dependencies/lbr-prelude-1.0.0.tgz",
        "plutus-ledger-api": "file:extra-dependencies/plutus-ledger-api-1.0.0.tgz",
        "prelude": "file:extra-dependencies/prelude-1.0.1.tgz"
      }
    },
    "plutus-ledger-api": {
      "version": "file:extra-dependencies/plutus-ledger-api-1.0.0.tgz",
      "integrity": "sha512-CR4CshLrbu15tUu7RPA3fvzRZ/HjOsBOJJ4P144b3dtzToP2ljJ4KbCZs3pk3im71sst7fjQKdEM97B3fyMc3Q==",
      "requires": {
        "prelude": "file:extra-dependencies/prelude-1.0.1.tgz"
      }
    },
    "prelude": {
      "version": "file:extra-dependencies/prelude-1.0.1.tgz",
      "integrity": "sha512-ucWNcpO/mDC3kgAEx/SP9yzmhWH5FgP8TY1kQpPQw8R0zGHtgpdXnmcKcl1n8s92uIDgBtIZGVUNRoEDLjGwqQ=="
    },
    "typescript": {
      "version": "5.3.3",
      "resolved": "https://registry.npmjs.org/typescript/-/typescript-5.3.3.tgz",
      "integrity": "sha512-pXWcraxM0uxAS+tN0AG/BF2TyqmHO014Z070UsJ+pFvYuRSq8KH8DmWpnbXe0pEPDHXZV3FcAbJkijJ5oNEnWw=="
    }
  }
}
