{
  "name": "lbf-prelude-typescript",
  "version": "1.0.0",
  "lockfileVersion": 2,
  "requires": true,
  "packages": {
    "": {
      "name": "lbf-prelude-typescript",
      "version": "1.0.0",
      "license": "ISC",
      "dependencies": {
        "lbf-plutus": "file:.extra-dependencies/lbf-plutus-1.0.0.tgz",
        "lbf-plutus-golden-api": "file:.extra-dependencies/lbf-plutus-golden-api-1.0.0.tgz",
        "lbf-prelude": "file:.extra-dependencies/lbf-prelude-1.0.0.tgz",
        "lbr-plutus": "file:.extra-dependencies/lbr-plutus-1.0.0.tgz",
        "lbr-prelude": "file:.extra-dependencies/lbr-prelude-1.0.0.tgz",
        "plutus-ledger-api": "file:.extra-dependencies/plutus-ledger-api-1.0.0.tgz",
        "prelude": "file:.extra-dependencies/prelude-1.0.1.tgz"
      },
      "devDependencies": {
        "@types/node": "^20.11.7",
        "typescript": "^5.3.3"
      }
    },
    "node_modules/@types/node": {
      "version": "20.11.7",
      "resolved": "https://registry.npmjs.org/@types/node/-/node-20.11.7.tgz",
      "integrity": "sha512-GPmeN1C3XAyV5uybAf4cMLWT9fDWcmQhZVtMFu7OR32WjrqGG+Wnk2V1d0bmtUyE/Zy1QJ9BxyiTih9z8Oks8A==",
      "dev": true,
      "dependencies": {
        "undici-types": "~5.26.4"
      }
    },
    "node_modules/lbf-plutus": {
      "version": "1.0.0",
      "resolved": "file:.extra-dependencies/lbf-plutus-1.0.0.tgz",
      "integrity": "sha512-XtJBPw/Dh6KfkNXj/O7cQNkiuJcFhpfMm2G5HNSkLRq1+QAyjsyXicJwhO9toxzlQctaeyK9X0i3AaXJ965UaQ==",
      "dependencies": {
        "lbf-prelude": "file:.extra-dependencies/lbf-prelude-1.0.0.tgz",
        "lbr-plutus": "file:.extra-dependencies/lbr-plutus-1.0.0.tgz",
        "lbr-prelude": "file:.extra-dependencies/lbr-prelude-1.0.0.tgz",
        "plutus-ledger-api": "file:.extra-dependencies/plutus-ledger-api-1.0.0.tgz",
        "prelude": "file:.extra-dependencies/prelude-1.0.1.tgz"
      }
    },
    "node_modules/lbf-plutus-golden-api": {
      "version": "1.0.0",
      "resolved": "file:.extra-dependencies/lbf-plutus-golden-api-1.0.0.tgz",
      "integrity": "sha512-OMIFtYu4L728HT8wYWqfvJK3rtEKUpY6xxO8eHZjfu0Dw0815XElPECaf/8FU7vijSIvuXWMudGpaE0Fgzx4RQ==",
      "dependencies": {
        "lbf-plutus": "file:.extra-dependencies/lbf-plutus-1.0.0.tgz",
        "lbf-prelude": "file:.extra-dependencies/lbf-prelude-1.0.0.tgz",
        "lbr-plutus": "file:.extra-dependencies/lbr-plutus-1.0.0.tgz",
        "lbr-prelude": "file:.extra-dependencies/lbr-prelude-1.0.0.tgz",
        "plutus-ledger-api": "file:.extra-dependencies/plutus-ledger-api-1.0.0.tgz",
        "prelude": "file:.extra-dependencies/prelude-1.0.1.tgz"
      }
    },
    "node_modules/lbf-prelude": {
      "version": "1.0.0",
      "resolved": "file:.extra-dependencies/lbf-prelude-1.0.0.tgz",
      "integrity": "sha512-ycFngZkq5iwwYROLBsvpTtw6BdhklgJkmIxWvmF0ksH6X462IuT7i9Rsvx37tfPOBNU6cHoUJ3PeUZHvj6VF3g==",
      "dependencies": {
        "lbr-prelude": "file:.extra-dependencies/lbr-prelude-1.0.0.tgz",
        "prelude": "file:.extra-dependencies/prelude-1.0.1.tgz"
      }
    },
    "node_modules/lbr-plutus": {
      "version": "1.0.0",
      "resolved": "file:.extra-dependencies/lbr-plutus-1.0.0.tgz",
      "integrity": "sha512-j7aS5tciyTIXbMK/azdOoKtAB9trUBi4DQ0kQZN1RfpspuOBePD7KLbAT64/oLtcKyqf2fSITk3B+IGawGj41w==",
      "license": "ISC",
      "dependencies": {
        "lbr-prelude": "file:.extra-dependencies/lbr-prelude-1.0.0.tgz",
        "plutus-ledger-api": "file:.extra-dependencies/plutus-ledger-api-1.0.0.tgz",
        "prelude": "file:.extra-dependencies/prelude-1.0.1.tgz"
      }
    },
    "node_modules/lbr-prelude": {
      "version": "1.0.0",
      "resolved": "file:.extra-dependencies/lbr-prelude-1.0.0.tgz",
      "integrity": "sha512-xakEfmSqbcYPCFeNFPAHdm2japkfw/a2Hh/kHeA+VZmEaKyVP8JrWJvtNWjfn/k7Dkbj0lbBl48LQWMFkqvjcQ==",
      "license": "ISC",
      "dependencies": {
        "prelude": "file:.extra-dependencies/prelude-1.0.1.tgz",
        "typescript": "^5.3.3"
      }
    },
    "node_modules/plutus-ledger-api": {
      "version": "1.0.0",
      "resolved": "file:.extra-dependencies/plutus-ledger-api-1.0.0.tgz",
      "integrity": "sha512-UVQfoeULxTnLszKH6u1yYWiYXjqn6LulX02awhi0bX8Bvnoj0hF43EH3e+RrcMDe/6bQh+TVw7N2Xu+RU14esw==",
      "license": "ISC",
      "dependencies": {
        "prelude": "file:.extra-dependencies/prelude-1.0.1.tgz"
      }
    },
    "node_modules/prelude": {
      "version": "1.0.1",
      "resolved": "file:.extra-dependencies/prelude-1.0.1.tgz",
      "integrity": "sha512-NtSJIsn0+eDmzHZu3o5rK5Fh2Q3/eXmZ+tcsUsip7XmKl06RX0vTWWSsYngJhsdj+Xd7jZl/Wy92m8oNycykVA==",
      "license": "ISC"
    },
    "node_modules/typescript": {
      "version": "5.3.3",
      "resolved": "https://registry.npmjs.org/typescript/-/typescript-5.3.3.tgz",
      "integrity": "sha512-pXWcraxM0uxAS+tN0AG/BF2TyqmHO014Z070UsJ+pFvYuRSq8KH8DmWpnbXe0pEPDHXZV3FcAbJkijJ5oNEnWw==",
      "bin": {
        "tsc": "bin/tsc",
        "tsserver": "bin/tsserver"
      },
      "engines": {
        "node": ">=14.17"
      }
    },
    "node_modules/undici-types": {
      "version": "5.26.5",
      "resolved": "https://registry.npmjs.org/undici-types/-/undici-types-5.26.5.tgz",
      "integrity": "sha512-JlCMO+ehdEIKqlFxk6IfVoAUVmgz7cU7zD/h9XZ0qzeosSHmUJVOzSQvvYSYWXkFXC+IfLKSIffhv0sVZup6pA==",
      "dev": true
    }
  },
  "dependencies": {
    "@types/node": {
      "version": "20.11.7",
      "resolved": "https://registry.npmjs.org/@types/node/-/node-20.11.7.tgz",
      "integrity": "sha512-GPmeN1C3XAyV5uybAf4cMLWT9fDWcmQhZVtMFu7OR32WjrqGG+Wnk2V1d0bmtUyE/Zy1QJ9BxyiTih9z8Oks8A==",
      "dev": true,
      "requires": {
        "undici-types": "~5.26.4"
      }
    },
    "lbf-plutus": {
      "version": "file:.extra-dependencies/lbf-plutus-1.0.0.tgz",
      "integrity": "sha512-XtJBPw/Dh6KfkNXj/O7cQNkiuJcFhpfMm2G5HNSkLRq1+QAyjsyXicJwhO9toxzlQctaeyK9X0i3AaXJ965UaQ==",
      "requires": {
        "lbf-prelude": "file:.extra-dependencies/lbf-prelude-1.0.0.tgz",
        "lbr-plutus": "file:.extra-dependencies/lbr-plutus-1.0.0.tgz",
        "lbr-prelude": "file:.extra-dependencies/lbr-prelude-1.0.0.tgz",
        "plutus-ledger-api": "file:.extra-dependencies/plutus-ledger-api-1.0.0.tgz",
        "prelude": "file:.extra-dependencies/prelude-1.0.1.tgz"
      }
    },
    "lbf-plutus-golden-api": {
      "version": "file:.extra-dependencies/lbf-plutus-golden-api-1.0.0.tgz",
      "integrity": "sha512-OMIFtYu4L728HT8wYWqfvJK3rtEKUpY6xxO8eHZjfu0Dw0815XElPECaf/8FU7vijSIvuXWMudGpaE0Fgzx4RQ==",
      "requires": {
        "lbf-plutus": "file:.extra-dependencies/lbf-plutus-1.0.0.tgz",
        "lbf-prelude": "file:.extra-dependencies/lbf-prelude-1.0.0.tgz",
        "lbr-plutus": "file:.extra-dependencies/lbr-plutus-1.0.0.tgz",
        "lbr-prelude": "file:.extra-dependencies/lbr-prelude-1.0.0.tgz",
        "plutus-ledger-api": "file:.extra-dependencies/plutus-ledger-api-1.0.0.tgz",
        "prelude": "file:.extra-dependencies/prelude-1.0.1.tgz"
      }
    },
    "lbf-prelude": {
      "version": "file:.extra-dependencies/lbf-prelude-1.0.0.tgz",
      "integrity": "sha512-ycFngZkq5iwwYROLBsvpTtw6BdhklgJkmIxWvmF0ksH6X462IuT7i9Rsvx37tfPOBNU6cHoUJ3PeUZHvj6VF3g==",
      "requires": {
        "lbr-prelude": "file:.extra-dependencies/lbr-prelude-1.0.0.tgz",
        "prelude": "file:.extra-dependencies/prelude-1.0.1.tgz"
      }
    },
    "lbr-plutus": {
      "version": "file:.extra-dependencies/lbr-plutus-1.0.0.tgz",
      "integrity": "sha512-j7aS5tciyTIXbMK/azdOoKtAB9trUBi4DQ0kQZN1RfpspuOBePD7KLbAT64/oLtcKyqf2fSITk3B+IGawGj41w==",
      "requires": {
        "lbr-prelude": "file:.extra-dependencies/lbr-prelude-1.0.0.tgz",
        "plutus-ledger-api": "file:.extra-dependencies/plutus-ledger-api-1.0.0.tgz",
        "prelude": "file:.extra-dependencies/prelude-1.0.1.tgz"
      }
    },
    "lbr-prelude": {
      "version": "file:.extra-dependencies/lbr-prelude-1.0.0.tgz",
      "integrity": "sha512-xakEfmSqbcYPCFeNFPAHdm2japkfw/a2Hh/kHeA+VZmEaKyVP8JrWJvtNWjfn/k7Dkbj0lbBl48LQWMFkqvjcQ==",
      "requires": {
        "prelude": "file:.extra-dependencies/prelude-1.0.1.tgz",
        "typescript": "^5.3.3"
      }
    },
    "plutus-ledger-api": {
      "version": "file:.extra-dependencies/plutus-ledger-api-1.0.0.tgz",
      "integrity": "sha512-UVQfoeULxTnLszKH6u1yYWiYXjqn6LulX02awhi0bX8Bvnoj0hF43EH3e+RrcMDe/6bQh+TVw7N2Xu+RU14esw==",
      "requires": {
        "prelude": "file:.extra-dependencies/prelude-1.0.1.tgz"
      }
    },
    "prelude": {
      "version": "file:.extra-dependencies/prelude-1.0.1.tgz",
      "integrity": "sha512-NtSJIsn0+eDmzHZu3o5rK5Fh2Q3/eXmZ+tcsUsip7XmKl06RX0vTWWSsYngJhsdj+Xd7jZl/Wy92m8oNycykVA=="
    },
    "typescript": {
      "version": "5.3.3",
      "resolved": "https://registry.npmjs.org/typescript/-/typescript-5.3.3.tgz",
      "integrity": "sha512-pXWcraxM0uxAS+tN0AG/BF2TyqmHO014Z070UsJ+pFvYuRSq8KH8DmWpnbXe0pEPDHXZV3FcAbJkijJ5oNEnWw=="
    },
    "undici-types": {
      "version": "5.26.5",
      "resolved": "https://registry.npmjs.org/undici-types/-/undici-types-5.26.5.tgz",
      "integrity": "sha512-JlCMO+ehdEIKqlFxk6IfVoAUVmgz7cU7zD/h9XZ0qzeosSHmUJVOzSQvvYSYWXkFXC+IfLKSIffhv0sVZup6pA==",
      "dev": true
    }
  }
}
