{
  "name": "lbr-plutus",
  "version": "1.0.0",
  "lockfileVersion": 2,
  "requires": true,
  "packages": {
    "": {
      "name": "lbr-plutus",
      "version": "1.0.0",
      "license": "ISC",
      "dependencies": {
        "lbr-prelude": "file:nix-npm-folder-dependencies/jmakpnkl38zxv39f5q6wcz57bfqfylbf-lbr-prelude.tgz"
      },
      "devDependencies": {
        "@types/node": "^20.8.10",
        "fast-check": "^3.14.0",
        "typescript": "^5.2.2"
      }
    },
    "node_modules/@types/node": {
      "version": "20.9.0",
      "resolved": "https://registry.npmjs.org/@types/node/-/node-20.9.0.tgz",
      "integrity": "sha512-nekiGu2NDb1BcVofVcEKMIwzlx4NjHlcjhoxxKBNLtz15Y1z7MYf549DFvkHSId02Ax6kGwWntIBPC3l/JZcmw==",
      "dev": true,
      "dependencies": {
        "undici-types": "~5.26.4"
      }
    },
    "node_modules/fast-check": {
      "version": "3.14.0",
      "resolved": "https://registry.npmjs.org/fast-check/-/fast-check-3.14.0.tgz",
      "integrity": "sha512-9Z0zqASzDNjXBox/ileV/fd+4P+V/f3o4shM6QawvcdLFh8yjPG4h5BrHUZ8yzY6amKGDTAmRMyb/JZqe+dCgw==",
      "dev": true,
      "funding": [
        {
          "type": "individual",
          "url": "https://github.com/sponsors/dubzzz"
        },
        {
          "type": "opencollective",
          "url": "https://opencollective.com/fast-check"
        }
      ],
      "dependencies": {
        "pure-rand": "^6.0.0"
      },
      "engines": {
        "node": ">=8.0.0"
      }
    },
    "node_modules/lbr-prelude": {
      "version": "1.0.0",
      "resolved": "file:nix-npm-folder-dependencies/jmakpnkl38zxv39f5q6wcz57bfqfylbf-lbr-prelude.tgz",
      "integrity": "sha512-ZZGDf5ETbQSVlHLQt13e60e/a+U7NrwUVlRVNECE4OqbUbZ//o7+PnwlkeMVHfKFkf7N9TwfbhQB32chYrJegw==",
      "license": "ISC",
      "dependencies": {
        "prelude": "https://github.com/mlabs-haskell/prelude-typescript/releases/download/v1.0.1/prelude-1.0.1.tgz"
      }
    },
    "node_modules/prelude": {
      "version": "1.0.1",
      "resolved": "https://github.com/mlabs-haskell/prelude-typescript/releases/download/v1.0.1/prelude-1.0.1.tgz",
      "integrity": "sha512-rMEaq4ZMwzAVj68iV2gLqT/9BXC0inHXw5Ab84iu9fUj+iaGIyBQQQHuOa1C7KKu82tcZRrPkhAePc7idpo1lA==",
      "license": "ISC"
    },
    "node_modules/pure-rand": {
      "version": "6.0.4",
      "resolved": "https://registry.npmjs.org/pure-rand/-/pure-rand-6.0.4.tgz",
      "integrity": "sha512-LA0Y9kxMYv47GIPJy6MI84fqTd2HmYZI83W/kM/SkKfDlajnZYfmXFTxkbY+xSBPkLJxltMa9hIkmdc29eguMA==",
      "dev": true,
      "funding": [
        {
          "type": "individual",
          "url": "https://github.com/sponsors/dubzzz"
        },
        {
          "type": "opencollective",
          "url": "https://opencollective.com/fast-check"
        }
      ]
    },
    "node_modules/typescript": {
      "version": "5.2.2",
      "resolved": "https://registry.npmjs.org/typescript/-/typescript-5.2.2.tgz",
      "integrity": "sha512-mI4WrpHsbCIcwT9cF4FZvr80QUeKvsUsUvKDoR+X/7XHQH98xYD8YHZg7ANtz2GtZt/CBq2QJ0thkGJMHfqc1w==",
      "dev": true,
      "bin": {
        "tsc": "bin/tsc",
        "tsserver": "bin/tsserver"
      },
      "engines": {
        "node": ">=14.17"
      }
    },
    "node_modules/undici-types": {
      "version": "5.26.5",
      "resolved": "https://registry.npmjs.org/undici-types/-/undici-types-5.26.5.tgz",
      "integrity": "sha512-JlCMO+ehdEIKqlFxk6IfVoAUVmgz7cU7zD/h9XZ0qzeosSHmUJVOzSQvvYSYWXkFXC+IfLKSIffhv0sVZup6pA==",
      "dev": true
    }
  },
  "dependencies": {
    "@types/node": {
      "version": "20.9.0",
      "resolved": "https://registry.npmjs.org/@types/node/-/node-20.9.0.tgz",
      "integrity": "sha512-nekiGu2NDb1BcVofVcEKMIwzlx4NjHlcjhoxxKBNLtz15Y1z7MYf549DFvkHSId02Ax6kGwWntIBPC3l/JZcmw==",
      "dev": true,
      "requires": {
        "undici-types": "~5.26.4"
      }
    },
    "fast-check": {
      "version": "3.14.0",
      "resolved": "https://registry.npmjs.org/fast-check/-/fast-check-3.14.0.tgz",
      "integrity": "sha512-9Z0zqASzDNjXBox/ileV/fd+4P+V/f3o4shM6QawvcdLFh8yjPG4h5BrHUZ8yzY6amKGDTAmRMyb/JZqe+dCgw==",
      "dev": true,
      "requires": {
        "pure-rand": "^6.0.0"
      }
    },
    "lbr-prelude": {
      "version": "file:nix-npm-folder-dependencies/jmakpnkl38zxv39f5q6wcz57bfqfylbf-lbr-prelude.tgz",
      "integrity": "sha512-ZZGDf5ETbQSVlHLQt13e60e/a+U7NrwUVlRVNECE4OqbUbZ//o7+PnwlkeMVHfKFkf7N9TwfbhQB32chYrJegw==",
      "requires": {
        "prelude": "https://github.com/mlabs-haskell/prelude-typescript/releases/download/v1.0.1/prelude-1.0.1.tgz"
      }
    },
    "prelude": {
      "version": "https://github.com/mlabs-haskell/prelude-typescript/releases/download/v1.0.1/prelude-1.0.1.tgz",
      "integrity": "sha512-rMEaq4ZMwzAVj68iV2gLqT/9BXC0inHXw5Ab84iu9fUj+iaGIyBQQQHuOa1C7KKu82tcZRrPkhAePc7idpo1lA=="
    },
    "pure-rand": {
      "version": "6.0.4",
      "resolved": "https://registry.npmjs.org/pure-rand/-/pure-rand-6.0.4.tgz",
      "integrity": "sha512-LA0Y9kxMYv47GIPJy6MI84fqTd2HmYZI83W/kM/SkKfDlajnZYfmXFTxkbY+xSBPkLJxltMa9hIkmdc29eguMA==",
      "dev": true
    },
    "typescript": {
      "version": "5.2.2",
      "resolved": "https://registry.npmjs.org/typescript/-/typescript-5.2.2.tgz",
      "integrity": "sha512-mI4WrpHsbCIcwT9cF4FZvr80QUeKvsUsUvKDoR+X/7XHQH98xYD8YHZg7ANtz2GtZt/CBq2QJ0thkGJMHfqc1w==",
      "dev": true
    },
    "undici-types": {
      "version": "5.26.5",
      "resolved": "https://registry.npmjs.org/undici-types/-/undici-types-5.26.5.tgz",
      "integrity": "sha512-JlCMO+ehdEIKqlFxk6IfVoAUVmgz7cU7zD/h9XZ0qzeosSHmUJVOzSQvvYSYWXkFXC+IfLKSIffhv0sVZup6pA==",
      "dev": true
    }
  }
}
