{
  "name": "lbr-plutus",
  "version": "1.0.0",
  "lockfileVersion": 2,
  "requires": true,
  "packages": {
    "": {
      "name": "lbr-plutus",
      "version": "1.0.0",
      "license": "ISC",
      "dependencies": {
        "lbr-prelude": "file:nix-tarballs/lbr-prelude-1.0.0.tgz",
        "plutus-ledger-api": "file:nix-tarballs/plutus-ledger-api-1.0.0.tgz",
        "prelude": "file:nix-tarballs/prelude-1.0.1.tgz"
      },
      "devDependencies": {
        "@types/node": "^20.8.10",
        "fast-check": "^3.14.0",
        "typescript": "^5.2.2"
      }
    },
    "node_modules/@types/node": {
      "version": "20.10.6",
      "resolved": "https://registry.npmjs.org/@types/node/-/node-20.10.6.tgz",
      "integrity": "sha512-Vac8H+NlRNNlAmDfGUP7b5h/KA+AtWIzuXy0E6OyP8f1tCLYAtPvKRRDJjAPqhpCb0t6U2j7/xqAuLEebW2kiw==",
      "dev": true,
      "dependencies": {
        "undici-types": "~5.26.4"
      }
    },
    "node_modules/fast-check": {
      "version": "3.15.0",
      "resolved": "https://registry.npmjs.org/fast-check/-/fast-check-3.15.0.tgz",
      "integrity": "sha512-iBz6c+EXL6+nI931x/sbZs1JYTZtLG6Cko0ouS8LRTikhDR7+wZk4TYzdRavlnByBs2G6+nuuJ7NYL9QplNt8Q==",
      "dev": true,
      "funding": [
        {
          "type": "individual",
          "url": "https://github.com/sponsors/dubzzz"
        },
        {
          "type": "opencollective",
          "url": "https://opencollective.com/fast-check"
        }
      ],
      "dependencies": {
        "pure-rand": "^6.0.0"
      },
      "engines": {
        "node": ">=8.0.0"
      }
    },
    "node_modules/lbr-prelude": {
      "version": "1.0.0",
      "resolved": "file:nix-tarballs/lbr-prelude-1.0.0.tgz",
      "integrity": "sha512-crZuSGXUTH8RoO5MAoXnxEf8TIW6ZUfhjSc+QArhq37xcbMYepciTBBQBj3jFnsyXWwSM/BAgycSU3qgBEHnZg==",
      "license": "ISC",
      "dependencies": {
        "prelude": "file:nix-tarballs/prelude-1.0.1.tgz",
        "typescript": "^5.3.3"
      }
    },
    "node_modules/plutus-ledger-api": {
      "version": "1.0.0",
      "resolved": "file:nix-tarballs/plutus-ledger-api-1.0.0.tgz",
      "integrity": "sha512-yWZaiAbZA7ESMLCyJK5I8sxMPIy/hTA/h77+Mdl/nOAvXpykjEUUeYC9VC3xUhvOMfbVlsZmqFwpL2AxrqdElQ==",
      "license": "ISC",
      "dependencies": {
        "prelude": "https://github.com/mlabs-haskell/prelude-typescript/releases/download/v1.0.0/prelude-1.0.0.tgz"
      }
    },
    "node_modules/plutus-ledger-api/node_modules/prelude": {
      "version": "1.0.0",
      "resolved": "https://github.com/mlabs-haskell/prelude-typescript/releases/download/v1.0.0/prelude-1.0.0.tgz",
      "integrity": "sha512-bsaXm+ymTR6DSIg834HnUabf9kHv0u80ip5IsCxpkPrzfqk5x8U28wA12T/gVZSBzOv2MEe+ntl9HOsfiizQPw==",
      "license": "ISC"
    },
    "node_modules/prelude": {
      "version": "1.0.1",
      "resolved": "file:nix-tarballs/prelude-1.0.1.tgz",
      "integrity": "sha512-SljWwPe6PRoz4INpcEXYW6vI+AsZGg5Mwwm68iBg/BOWVAUHATqrPPCwNTVS1J4dGhuFmnxB1gMEDrkjnXoblw==",
      "license": "ISC"
    },
    "node_modules/pure-rand": {
      "version": "6.0.4",
      "resolved": "https://registry.npmjs.org/pure-rand/-/pure-rand-6.0.4.tgz",
      "integrity": "sha512-LA0Y9kxMYv47GIPJy6MI84fqTd2HmYZI83W/kM/SkKfDlajnZYfmXFTxkbY+xSBPkLJxltMa9hIkmdc29eguMA==",
      "dev": true,
      "funding": [
        {
          "type": "individual",
          "url": "https://github.com/sponsors/dubzzz"
        },
        {
          "type": "opencollective",
          "url": "https://opencollective.com/fast-check"
        }
      ]
    },
    "node_modules/typescript": {
      "version": "5.3.3",
      "resolved": "https://registry.npmjs.org/typescript/-/typescript-5.3.3.tgz",
      "integrity": "sha512-pXWcraxM0uxAS+tN0AG/BF2TyqmHO014Z070UsJ+pFvYuRSq8KH8DmWpnbXe0pEPDHXZV3FcAbJkijJ5oNEnWw==",
      "bin": {
        "tsc": "bin/tsc",
        "tsserver": "bin/tsserver"
      },
      "engines": {
        "node": ">=14.17"
      }
    },
    "node_modules/undici-types": {
      "version": "5.26.5",
      "resolved": "https://registry.npmjs.org/undici-types/-/undici-types-5.26.5.tgz",
      "integrity": "sha512-JlCMO+ehdEIKqlFxk6IfVoAUVmgz7cU7zD/h9XZ0qzeosSHmUJVOzSQvvYSYWXkFXC+IfLKSIffhv0sVZup6pA==",
      "dev": true
    }
  },
  "dependencies": {
    "@types/node": {
      "version": "20.10.6",
      "resolved": "https://registry.npmjs.org/@types/node/-/node-20.10.6.tgz",
      "integrity": "sha512-Vac8H+NlRNNlAmDfGUP7b5h/KA+AtWIzuXy0E6OyP8f1tCLYAtPvKRRDJjAPqhpCb0t6U2j7/xqAuLEebW2kiw==",
      "dev": true,
      "requires": {
        "undici-types": "~5.26.4"
      }
    },
    "fast-check": {
      "version": "3.15.0",
      "resolved": "https://registry.npmjs.org/fast-check/-/fast-check-3.15.0.tgz",
      "integrity": "sha512-iBz6c+EXL6+nI931x/sbZs1JYTZtLG6Cko0ouS8LRTikhDR7+wZk4TYzdRavlnByBs2G6+nuuJ7NYL9QplNt8Q==",
      "dev": true,
      "requires": {
        "pure-rand": "^6.0.0"
      }
    },
    "lbr-prelude": {
      "version": "file:nix-tarballs/lbr-prelude-1.0.0.tgz",
      "integrity": "sha512-crZuSGXUTH8RoO5MAoXnxEf8TIW6ZUfhjSc+QArhq37xcbMYepciTBBQBj3jFnsyXWwSM/BAgycSU3qgBEHnZg==",
      "requires": {
        "prelude": "file:nix-tarballs/prelude-1.0.1.tgz",
        "typescript": "^5.3.3"
      }
    },
    "plutus-ledger-api": {
      "version": "file:nix-tarballs/plutus-ledger-api-1.0.0.tgz",
      "integrity": "sha512-yWZaiAbZA7ESMLCyJK5I8sxMPIy/hTA/h77+Mdl/nOAvXpykjEUUeYC9VC3xUhvOMfbVlsZmqFwpL2AxrqdElQ==",
      "requires": {
        "prelude": "https://github.com/mlabs-haskell/prelude-typescript/releases/download/v1.0.0/prelude-1.0.0.tgz"
      },
      "dependencies": {
        "prelude": {
          "version": "https://github.com/mlabs-haskell/prelude-typescript/releases/download/v1.0.0/prelude-1.0.0.tgz",
          "integrity": "sha512-bsaXm+ymTR6DSIg834HnUabf9kHv0u80ip5IsCxpkPrzfqk5x8U28wA12T/gVZSBzOv2MEe+ntl9HOsfiizQPw=="
        }
      }
    },
    "prelude": {
      "version": "file:nix-tarballs/prelude-1.0.1.tgz",
      "integrity": "sha512-SljWwPe6PRoz4INpcEXYW6vI+AsZGg5Mwwm68iBg/BOWVAUHATqrPPCwNTVS1J4dGhuFmnxB1gMEDrkjnXoblw=="
    },
    "pure-rand": {
      "version": "6.0.4",
      "resolved": "https://registry.npmjs.org/pure-rand/-/pure-rand-6.0.4.tgz",
      "integrity": "sha512-LA0Y9kxMYv47GIPJy6MI84fqTd2HmYZI83W/kM/SkKfDlajnZYfmXFTxkbY+xSBPkLJxltMa9hIkmdc29eguMA==",
      "dev": true
    },
    "typescript": {
      "version": "5.3.3",
      "resolved": "https://registry.npmjs.org/typescript/-/typescript-5.3.3.tgz",
      "integrity": "sha512-pXWcraxM0uxAS+tN0AG/BF2TyqmHO014Z070UsJ+pFvYuRSq8KH8DmWpnbXe0pEPDHXZV3FcAbJkijJ5oNEnWw=="
    },
    "undici-types": {
      "version": "5.26.5",
      "resolved": "https://registry.npmjs.org/undici-types/-/undici-types-5.26.5.tgz",
      "integrity": "sha512-JlCMO+ehdEIKqlFxk6IfVoAUVmgz7cU7zD/h9XZ0qzeosSHmUJVOzSQvvYSYWXkFXC+IfLKSIffhv0sVZup6pA==",
      "dev": true
    }
  }
}
