{
  "name": "lbr-prelude",
  "version": "1.0.0",
  "lockfileVersion": 3,
  "requires": true,
  "packages": {
    "": {
      "name": "lbr-prelude",
      "version": "1.0.0",
      "license": "ISC",
      "dependencies": {
        "prelude": "https://github.com/mlabs-haskell/prelude-typescript/releases/download/v1.0.1/prelude-1.0.1.tgz"
      },
      "devDependencies": {
        "typescript": "^5.2.2"
      }
    },
    "node_modules/prelude": {
      "version": "1.0.1",
      "resolved": "https://github.com/mlabs-haskell/prelude-typescript/releases/download/v1.0.1/prelude-1.0.1.tgz",
      "integrity": "sha512-rMEaq4ZMwzAVj68iV2gLqT/9BXC0inHXw5Ab84iu9fUj+iaGIyBQQQHuOa1C7KKu82tcZRrPkhAePc7idpo1lA==",
      "license": "ISC"
    },
    "node_modules/typescript": {
      "version": "5.3.3",
      "resolved": "https://registry.npmjs.org/typescript/-/typescript-5.3.3.tgz",
      "integrity": "sha512-pXWcraxM0uxAS+tN0AG/BF2TyqmHO014Z070UsJ+pFvYuRSq8KH8DmWpnbXe0pEPDHXZV3FcAbJkijJ5oNEnWw==",
      "dev": true,
      "bin": {
        "tsc": "bin/tsc",
        "tsserver": "bin/tsserver"
      },
      "engines": {
        "node": ">=14.17"
      }
    }
  }
}
